
Microsoft Visual Studio Solution File, Format Version 12.00
# Visual Studio Version 16
VisualStudioVersion = 16.0.30717.126
MinimumVisualStudioVersion = 15.0.26124.0
Project("{9A19103F-16F7-4668-BE54-9A1E7A4F7556}") = "API", "API\API.csproj", "{892A8B85-A1CE-42FC-B9A7-0863931B71A5}"
EndProject
Project("{9A19103F-16F7-4668-BE54-9A1E7A4F7556}") = "Domain", "Domain\Domain.csproj", "{4FE3F550-EE0D-4520-8FC1-29D030FA3196}"
EndProject
Project("{9A19103F-16F7-4668-BE54-9A1E7A4F7556}") = "Application", "Application\Application.csproj", "{B6AF0D17-B17D-4C66-B779-38412DABDBF3}"
EndProject
Project("{9A19103F-16F7-4668-BE54-9A1E7A4F7556}") = "Models", "Models\Models.csproj", "{796417BE-CBE5-4EAD-9893-969F338C7B70}"
EndProject
Project("{9A19103F-16F7-4668-BE54-9A1E7A4F7556}") = "Tests", "Tests\Tests.csproj", "{CA934664-D0FE-4F48-A99E-558E3D50EB94}"
EndProject
Project("{FAE04EC0-301F-11D3-BF4B-00C04F79EFBC}") = "AccTests", "AccTests\AccTests.csproj", "{35ECF9E8-9140-42C4-8E9E-A46D3673EDBF}"
EndProject
Global
	GlobalSection(SolutionConfigurationPlatforms) = preSolution
		Debug|Any CPU = Debug|Any CPU
		Debug|x64 = Debug|x64
		Debug|x86 = Debug|x86
		Release|Any CPU = Release|Any CPU
		Release|x64 = Release|x64
		Release|x86 = Release|x86
	EndGlobalSection
	GlobalSection(ProjectConfigurationPlatforms) = postSolution
		{892A8B85-A1CE-42FC-B9A7-0863931B71A5}.Debug|Any CPU.ActiveCfg = Debug|Any CPU
		{892A8B85-A1CE-42FC-B9A7-0863931B71A5}.Debug|Any CPU.Build.0 = Debug|Any CPU
		{892A8B85-A1CE-42FC-B9A7-0863931B71A5}.Debug|x64.ActiveCfg = Debug|Any CPU
		{892A8B85-A1CE-42FC-B9A7-0863931B71A5}.Debug|x64.Build.0 = Debug|Any CPU
		{892A8B85-A1CE-42FC-B9A7-0863931B71A5}.Debug|x86.ActiveCfg = Debug|Any CPU
		{892A8B85-A1CE-42FC-B9A7-0863931B71A5}.Debug|x86.Build.0 = Debug|Any CPU
		{892A8B85-A1CE-42FC-B9A7-0863931B71A5}.Release|Any CPU.ActiveCfg = Release|Any CPU
		{892A8B85-A1CE-42FC-B9A7-0863931B71A5}.Release|Any CPU.Build.0 = Release|Any CPU
		{892A8B85-A1CE-42FC-B9A7-0863931B71A5}.Release|x64.ActiveCfg = Release|Any CPU
		{892A8B85-A1CE-42FC-B9A7-0863931B71A5}.Release|x64.Build.0 = Release|Any CPU
		{892A8B85-A1CE-42FC-B9A7-0863931B71A5}.Release|x86.ActiveCfg = Release|Any CPU
		{892A8B85-A1CE-42FC-B9A7-0863931B71A5}.Release|x86.Build.0 = Release|Any CPU
		{4FE3F550-EE0D-4520-8FC1-29D030FA3196}.Debug|Any CPU.ActiveCfg = Debug|Any CPU
		{4FE3F550-EE0D-4520-8FC1-29D030FA3196}.Debug|Any CPU.Build.0 = Debug|Any CPU
		{4FE3F550-EE0D-4520-8FC1-29D030FA3196}.Debug|x64.ActiveCfg = Debug|Any CPU
		{4FE3F550-EE0D-4520-8FC1-29D030FA3196}.Debug|x64.Build.0 = Debug|Any CPU
		{4FE3F550-EE0D-4520-8FC1-29D030FA3196}.Debug|x86.ActiveCfg = Debug|Any CPU
		{4FE3F550-EE0D-4520-8FC1-29D030FA3196}.Debug|x86.Build.0 = Debug|Any CPU
		{4FE3F550-EE0D-4520-8FC1-29D030FA3196}.Release|Any CPU.ActiveCfg = Release|Any CPU
		{4FE3F550-EE0D-4520-8FC1-29D030FA3196}.Release|Any CPU.Build.0 = Release|Any CPU
		{4FE3F550-EE0D-4520-8FC1-29D030FA3196}.Release|x64.ActiveCfg = Release|Any CPU
		{4FE3F550-EE0D-4520-8FC1-29D030FA3196}.Release|x64.Build.0 = Release|Any CPU
		{4FE3F550-EE0D-4520-8FC1-29D030FA3196}.Release|x86.ActiveCfg = Release|Any CPU
		{4FE3F550-EE0D-4520-8FC1-29D030FA3196}.Release|x86.Build.0 = Release|Any CPU
		{B6AF0D17-B17D-4C66-B779-38412DABDBF3}.Debug|Any CPU.ActiveCfg = Debug|Any CPU
		{B6AF0D17-B17D-4C66-B779-38412DABDBF3}.Debug|Any CPU.Build.0 = Debug|Any CPU
		{B6AF0D17-B17D-4C66-B779-38412DABDBF3}.Debug|x64.ActiveCfg = Debug|Any CPU
		{B6AF0D17-B17D-4C66-B779-38412DABDBF3}.Debug|x64.Build.0 = Debug|Any CPU
		{B6AF0D17-B17D-4C66-B779-38412DABDBF3}.Debug|x86.ActiveCfg = Debug|Any CPU
		{B6AF0D17-B17D-4C66-B779-38412DABDBF3}.Debug|x86.Build.0 = Debug|Any CPU
		{B6AF0D17-B17D-4C66-B779-38412DABDBF3}.Release|Any CPU.ActiveCfg = Release|Any CPU
		{B6AF0D17-B17D-4C66-B779-38412DABDBF3}.Release|Any CPU.Build.0 = Release|Any CPU
		{B6AF0D17-B17D-4C66-B779-38412DABDBF3}.Release|x64.ActiveCfg = Release|Any CPU
		{B6AF0D17-B17D-4C66-B779-38412DABDBF3}.Release|x64.Build.0 = Release|Any CPU
		{B6AF0D17-B17D-4C66-B779-38412DABDBF3}.Release|x86.ActiveCfg = Release|Any CPU
		{B6AF0D17-B17D-4C66-B779-38412DABDBF3}.Release|x86.Build.0 = Release|Any CPU
		{796417BE-CBE5-4EAD-9893-969F338C7B70}.Debug|Any CPU.ActiveCfg = Debug|Any CPU
		{796417BE-CBE5-4EAD-9893-969F338C7B70}.Debug|Any CPU.Build.0 = Debug|Any CPU
		{796417BE-CBE5-4EAD-9893-969F338C7B70}.Debug|x64.ActiveCfg = Debug|Any CPU
		{796417BE-CBE5-4EAD-9893-969F338C7B70}.Debug|x64.Build.0 = Debug|Any CPU
		{796417BE-CBE5-4EAD-9893-969F338C7B70}.Debug|x86.ActiveCfg = Debug|Any CPU
		{796417BE-CBE5-4EAD-9893-969F338C7B70}.Debug|x86.Build.0 = Debug|Any CPU
		{796417BE-CBE5-4EAD-9893-969F338C7B70}.Release|Any CPU.ActiveCfg = Release|Any CPU
		{796417BE-CBE5-4EAD-9893-969F338C7B70}.Release|Any CPU.Build.0 = Release|Any CPU
		{796417BE-CBE5-4EAD-9893-969F338C7B70}.Release|x64.ActiveCfg = Release|Any CPU
		{796417BE-CBE5-4EAD-9893-969F338C7B70}.Release|x64.Build.0 = Release|Any CPU
		{796417BE-CBE5-4EAD-9893-969F338C7B70}.Release|x86.ActiveCfg = Release|Any CPU
		{796417BE-CBE5-4EAD-9893-969F338C7B70}.Release|x86.Build.0 = Release|Any CPU
		{CA934664-D0FE-4F48-A99E-558E3D50EB94}.Debug|Any CPU.ActiveCfg = Debug|Any CPU
		{CA934664-D0FE-4F48-A99E-558E3D50EB94}.Debug|Any CPU.Build.0 = Debug|Any CPU
		{CA934664-D0FE-4F48-A99E-558E3D50EB94}.Debug|x64.ActiveCfg = Debug|Any CPU
		{CA934664-D0FE-4F48-A99E-558E3D50EB94}.Debug|x64.Build.0 = Debug|Any CPU
		{CA934664-D0FE-4F48-A99E-558E3D50EB94}.Debug|x86.ActiveCfg = Debug|Any CPU
		{CA934664-D0FE-4F48-A99E-558E3D50EB94}.Debug|x86.Build.0 = Debug|Any CPU
		{CA934664-D0FE-4F48-A99E-558E3D50EB94}.Release|Any CPU.ActiveCfg = Release|Any CPU
		{CA934664-D0FE-4F48-A99E-558E3D50EB94}.Release|Any CPU.Build.0 = Release|Any CPU
		{CA934664-D0FE-4F48-A99E-558E3D50EB94}.Release|x64.ActiveCfg = Release|Any CPU
		{CA934664-D0FE-4F48-A99E-558E3D50EB94}.Release|x64.Build.0 = Release|Any CPU
		{CA934664-D0FE-4F48-A99E-558E3D50EB94}.Release|x86.ActiveCfg = Release|Any CPU
		{CA934664-D0FE-4F48-A99E-558E3D50EB94}.Release|x86.Build.0 = Release|Any CPU
		{35ECF9E8-9140-42C4-8E9E-A46D3673EDBF}.Debug|Any CPU.ActiveCfg = Debug|Any CPU
		{35ECF9E8-9140-42C4-8E9E-A46D3673EDBF}.Debug|Any CPU.Build.0 = Debug|Any CPU
		{35ECF9E8-9140-42C4-8E9E-A46D3673EDBF}.Debug|x64.ActiveCfg = Debug|Any CPU
		{35ECF9E8-9140-42C4-8E9E-A46D3673EDBF}.Debug|x64.Build.0 = Debug|Any CPU
		{35ECF9E8-9140-42C4-8E9E-A46D3673EDBF}.Debug|x86.ActiveCfg = Debug|Any CPU
		{35ECF9E8-9140-42C4-8E9E-A46D3673EDBF}.Debug|x86.Build.0 = Debug|Any CPU
		{35ECF9E8-9140-42C4-8E9E-A46D3673EDBF}.Release|Any CPU.ActiveCfg = Release|Any CPU
		{35ECF9E8-9140-42C4-8E9E-A46D3673EDBF}.Release|Any CPU.Build.0 = Release|Any CPU
		{35ECF9E8-9140-42C4-8E9E-A46D3673EDBF}.Release|x64.ActiveCfg = Release|Any CPU
		{35ECF9E8-9140-42C4-8E9E-A46D3673EDBF}.Release|x64.Build.0 = Release|Any CPU
		{35ECF9E8-9140-42C4-8E9E-A46D3673EDBF}.Release|x86.ActiveCfg = Release|Any CPU
		{35ECF9E8-9140-42C4-8E9E-A46D3673EDBF}.Release|x86.Build.0 = Release|Any CPU
	EndGlobalSection
	GlobalSection(SolutionProperties) = preSolution
		HideSolutionNode = FALSE
	EndGlobalSection
	GlobalSection(ExtensibilityGlobals) = postSolution
		SolutionGuid = {73491AB5-FE5A-4FC0-A6F2-BBC42DED7D39}
	EndGlobalSection
EndGlobal
